
Microsoft Visual Studio Solution File, Format Version 11.00
# Visual Studio 2010
Project("{FAE04EC0-301F-11D3-BF4B-00C04F79EFBC}") = "MoPubIOSBinding", "MoPubIOSBinding\MoPubIOSBinding.csproj", "{C368FE30-1B16-4E1E-9BA7-13A6D8F74E8D}"
EndProject
Global
	GlobalSection(SolutionConfigurationPlatforms) = preSolution
		Debug|Any CPU = Debug|Any CPU
		Release|Any CPU = Release|Any CPU
	EndGlobalSection
	GlobalSection(ProjectConfigurationPlatforms) = postSolution
		{C368FE30-1B16-4E1E-9BA7-13A6D8F74E8D}.Debug|Any CPU.ActiveCfg = Debug|Any CPU
		{C368FE30-1B16-4E1E-9BA7-13A6D8F74E8D}.Debug|Any CPU.Build.0 = Debug|Any CPU
		{C368FE30-1B16-4E1E-9BA7-13A6D8F74E8D}.Release|Any CPU.ActiveCfg = Release|Any CPU
		{C368FE30-1B16-4E1E-9BA7-13A6D8F74E8D}.Release|Any CPU.Build.0 = Release|Any CPU
	EndGlobalSection
	GlobalSection(MonoDevelopProperties) = preSolution
		StartupItem = MoPubIOSBinding\MoPubIOSBinding.csproj
	EndGlobalSection
EndGlobal
